
Microsoft Visual Studio Solution File, Format Version 12.00
# Visual Studio 15
VisualStudioVersion = 15.0.28307.1062
MinimumVisualStudioVersion = 10.0.40219.1
Project("{FAE04EC0-301F-11D3-BF4B-00C04F79EFBC}") = "Vtb.Common.Logging", "Vtb.Common.Logging\Vtb.Common.Logging.csproj", "{295E9750-0BC1-44FD-9ADB-0A84D5BEA06D}"
EndProject
Project("{FAE04EC0-301F-11D3-BF4B-00C04F79EFBC}") = "Vtb.Common.Logging.Async", "Vtb.Common.Logging.Async\Vtb.Common.Logging.Async.csproj", "{9301C4BF-09AD-4B7F-8E96-09107643481E}"
EndProject
Global
	GlobalSection(SolutionConfigurationPlatforms) = preSolution
		Debug|Any CPU = Debug|Any CPU
		Release|Any CPU = Release|Any CPU
	EndGlobalSection
	GlobalSection(ProjectConfigurationPlatforms) = postSolution
		{295E9750-0BC1-44FD-9ADB-0A84D5BEA06D}.Debug|Any CPU.ActiveCfg = Debug|Any CPU
		{295E9750-0BC1-44FD-9ADB-0A84D5BEA06D}.Debug|Any CPU.Build.0 = Debug|Any CPU
		{295E9750-0BC1-44FD-9ADB-0A84D5BEA06D}.Release|Any CPU.ActiveCfg = Release|Any CPU
		{295E9750-0BC1-44FD-9ADB-0A84D5BEA06D}.Release|Any CPU.Build.0 = Release|Any CPU
		{9301C4BF-09AD-4B7F-8E96-09107643481E}.Debug|Any CPU.ActiveCfg = Debug|Any CPU
		{9301C4BF-09AD-4B7F-8E96-09107643481E}.Debug|Any CPU.Build.0 = Debug|Any CPU
		{9301C4BF-09AD-4B7F-8E96-09107643481E}.Release|Any CPU.ActiveCfg = Release|Any CPU
		{9301C4BF-09AD-4B7F-8E96-09107643481E}.Release|Any CPU.Build.0 = Release|Any CPU
	EndGlobalSection
	GlobalSection(SolutionProperties) = preSolution
		HideSolutionNode = FALSE
	EndGlobalSection
	GlobalSection(ExtensibilityGlobals) = postSolution
		SolutionGuid = {BFAD162C-5316-4571-AD46-656B20084B82}
	EndGlobalSection
EndGlobal
